// !$*UTF8*$!
{
	archiveVersion = 1;
	classes = {
	};
	objectVersion = 46;
	objects = {

/* Begin PBXBuildFile section */
		59A7CA28197F79AD006466B1 /* ToDoItem.m in Sources */ = {isa = PBXBuildFile; fileRef = 59A7CA27197F79AD006466B1 /* ToDoItem.m */; };
		59B56676197D4F5F00470B87 /* Foundation.framework in Frameworks */ = {isa = PBXBuildFile; fileRef = 59B56675197D4F5F00470B87 /* Foundation.framework */; };
		59B56678197D4F5F00470B87 /* CoreGraphics.framework in Frameworks */ = {isa = PBXBuildFile; fileRef = 59B56677197D4F5F00470B87 /* CoreGraphics.framework */; };
		59B5667A197D4F5F00470B87 /* UIKit.framework in Frameworks */ = {isa = PBXBuildFile; fileRef = 59B56679197D4F5F00470B87 /* UIKit.framework */; };
		59B56680197D4F5F00470B87 /* InfoPlist.strings in Resources */ = {isa = PBXBuildFile; fileRef = 59B5667E197D4F5F00470B87 /* InfoPlist.strings */; };
		59B56682197D4F5F00470B87 /* main.m in Sources */ = {isa = PBXBuildFile; fileRef = 59B56681197D4F5F00470B87 /* main.m */; };
		59B56686197D4F5F00470B87 /* AppDelegate.m in Sources */ = {isa = PBXBuildFile; fileRef = 59B56685197D4F5F00470B87 /* AppDelegate.m */; };
		59B56688197D4F5F00470B87 /* Images.xcassets in Resources */ = {isa = PBXBuildFile; fileRef = 59B56687197D4F5F00470B87 /* Images.xcassets */; };
		59B5668F197D4F5F00470B87 /* XCTest.framework in Frameworks */ = {isa = PBXBuildFile; fileRef = 59B5668E197D4F5F00470B87 /* XCTest.framework */; };
		59B56690197D4F5F00470B87 /* Foundation.framework in Frameworks */ = {isa = PBXBuildFile; fileRef = 59B56675197D4F5F00470B87 /* Foundation.framework */; };
		59B56691197D4F5F00470B87 /* UIKit.framework in Frameworks */ = {isa = PBXBuildFile; fileRef = 59B56679197D4F5F00470B87 /* UIKit.framework */; };
		59B56699197D4F5F00470B87 /* InfoPlist.strings in Resources */ = {isa = PBXBuildFile; fileRef = 59B56697197D4F5F00470B87 /* InfoPlist.strings */; };
		59B5669B197D4F5F00470B87 /* ToDoListTests.m in Sources */ = {isa = PBXBuildFile; fileRef = 59B5669A197D4F5F00470B87 /* ToDoListTests.m */; };
		59B566A5197D509900470B87 /* Main.storyboard in Resources */ = {isa = PBXBuildFile; fileRef = 59B566A4197D509900470B87 /* Main.storyboard */; };
		74EF4B7D197E30F900149900 /* AddToDoItemViewController.m in Sources */ = {isa = PBXBuildFile; fileRef = 74EF4B7B197E30F900149900 /* AddToDoItemViewController.m */; };
		74EF4B7E197E30F900149900 /* AddToDoItemViewController.xib in Resources */ = {isa = PBXBuildFile; fileRef = 74EF4B7C197E30F900149900 /* AddToDoItemViewController.xib */; };
		74EF4B82197E327D00149900 /* ToDoListTableViewController.m in Sources */ = {isa = PBXBuildFile; fileRef = 74EF4B80197E327D00149900 /* ToDoListTableViewController.m */; };
		74EF4B83197E327D00149900 /* ToDoListTableViewController.xib in Resources */ = {isa = PBXBuildFile; fileRef = 74EF4B81197E327D00149900 /* ToDoListTableViewController.xib */; };
/* End PBXBuildFile section */

/* Begin PBXContainerItemProxy section */
		59B56692197D4F5F00470B87 /* PBXContainerItemProxy */ = {
			isa = PBXContainerItemProxy;
			containerPortal = 59B5666A197D4F5F00470B87 /* Project object */;
			proxyType = 1;
			remoteGlobalIDString = 59B56671197D4F5F00470B87;
			remoteInfo = ToDoList;
		};
/* End PBXContainerItemProxy section */

/* Begin PBXFileReference section */
		59A7CA26197F79AD006466B1 /* ToDoItem.h */ = {isa = PBXFileReference; fileEncoding = 4; lastKnownFileType = sourcecode.c.h; path = ToDoItem.h; sourceTree = "<group>"; };
		59A7CA27197F79AD006466B1 /* ToDoItem.m */ = {isa = PBXFileReference; fileEncoding = 4; lastKnownFileType = sourcecode.c.objc; path = ToDoItem.m; sourceTree = "<group>"; };
		59B56672197D4F5F00470B87 /* ToDoList.app */ = {isa = PBXFileReference; explicitFileType = wrapper.application; includeInIndex = 0; path = ToDoList.app; sourceTree = BUILT_PRODUCTS_DIR; };
		59B56675197D4F5F00470B87 /* Foundation.framework */ = {isa = PBXFileReference; lastKnownFileType = wrapper.framework; name = Foundation.framework; path = System/Library/Frameworks/Foundation.framework; sourceTree = SDKROOT; };
		59B56677197D4F5F00470B87 /* CoreGraphics.framework */ = {isa = PBXFileReference; lastKnownFileType = wrapper.framework; name = CoreGraphics.framework; path = System/Library/Frameworks/CoreGraphics.framework; sourceTree = SDKROOT; };
		59B56679197D4F5F00470B87 /* UIKit.framework */ = {isa = PBXFileReference; lastKnownFileType = wrapper.framework; name = UIKit.framework; path = System/Library/Frameworks/UIKit.framework; sourceTree = SDKROOT; };
		59B5667D197D4F5F00470B87 /* ToDoList-Info.plist */ = {isa = PBXFileReference; lastKnownFileType = text.plist.xml; path = "ToDoList-Info.plist"; sourceTree = "<group>"; };
		59B5667F197D4F5F00470B87 /* en */ = {isa = PBXFileReference; lastKnownFileType = text.plist.strings; name = en; path = en.lproj/InfoPlist.strings; sourceTree = "<group>"; };
		59B56681197D4F5F00470B87 /* main.m */ = {isa = PBXFileReference; lastKnownFileType = sourcecode.c.objc; path = main.m; sourceTree = "<group>"; };
		59B56683197D4F5F00470B87 /* ToDoList-Prefix.pch */ = {isa = PBXFileReference; lastKnownFileType = sourcecode.c.h; path = "ToDoList-Prefix.pch"; sourceTree = "<group>"; };
		59B56684197D4F5F00470B87 /* AppDelegate.h */ = {isa = PBXFileReference; lastKnownFileType = sourcecode.c.h; path = AppDelegate.h; sourceTree = "<group>"; };
		59B56685197D4F5F00470B87 /* AppDelegate.m */ = {isa = PBXFileReference; lastKnownFileType = sourcecode.c.objc; path = AppDelegate.m; sourceTree = "<group>"; };
		59B56687197D4F5F00470B87 /* Images.xcassets */ = {isa = PBXFileReference; lastKnownFileType = folder.assetcatalog; path = Images.xcassets; sourceTree = "<group>"; };
		59B5668D197D4F5F00470B87 /* ToDoListTests.xctest */ = {isa = PBXFileReference; explicitFileType = wrapper.cfbundle; includeInIndex = 0; path = ToDoListTests.xctest; sourceTree = BUILT_PRODUCTS_DIR; };
		59B5668E197D4F5F00470B87 /* XCTest.framework */ = {isa = PBXFileReference; lastKnownFileType = wrapper.framework; name = XCTest.framework; path = Library/Frameworks/XCTest.framework; sourceTree = DEVELOPER_DIR; };
		59B56696197D4F5F00470B87 /* ToDoListTests-Info.plist */ = {isa = PBXFileReference; lastKnownFileType = text.plist.xml; path = "ToDoListTests-Info.plist"; sourceTree = "<group>"; };
		59B56698197D4F5F00470B87 /* en */ = {isa = PBXFileReference; lastKnownFileType = text.plist.strings; name = en; path = en.lproj/InfoPlist.strings; sourceTree = "<group>"; };
		59B5669A197D4F5F00470B87 /* ToDoListTests.m */ = {isa = PBXFileReference; lastKnownFileType = sourcecode.c.objc; path = ToDoListTests.m; sourceTree = "<group>"; };
		59B566A4197D509900470B87 /* Main.storyboard */ = {isa = PBXFileReference; fileEncoding = 4; lastKnownFileType = file.storyboard; path = Main.storyboard; sourceTree = "<group>"; };
		74EF4B7A197E30F900149900 /* AddToDoItemViewController.h */ = {isa = PBXFileReference; fileEncoding = 4; lastKnownFileType = sourcecode.c.h; path = AddToDoItemViewController.h; sourceTree = "<group>"; };
		74EF4B7B197E30F900149900 /* AddToDoItemViewController.m */ = {isa = PBXFileReference; fileEncoding = 4; lastKnownFileType = sourcecode.c.objc; path = AddToDoItemViewController.m; sourceTree = "<group>"; };
		74EF4B7C197E30F900149900 /* AddToDoItemViewController.xib */ = {isa = PBXFileReference; fileEncoding = 4; lastKnownFileType = file.xib; path = AddToDoItemViewController.xib; sourceTree = "<group>"; };
		74EF4B7F197E327D00149900 /* ToDoListTableViewController.h */ = {isa = PBXFileReference; fileEncoding = 4; lastKnownFileType = sourcecode.c.h; path = ToDoListTableViewController.h; sourceTree = "<group>"; };
		74EF4B80197E327D00149900 /* ToDoListTableViewController.m */ = {isa = PBXFileReference; fileEncoding = 4; lastKnownFileType = sourcecode.c.objc; path = ToDoListTableViewController.m; sourceTree = "<group>"; };
		74EF4B81197E327D00149900 /* ToDoListTableViewController.xib */ = {isa = PBXFileReference; fileEncoding = 4; lastKnownFileType = file.xib; path = ToDoListTableViewController.xib; sourceTree = "<group>"; };
/* End PBXFileReference section */

/* Begin PBXFrameworksBuildPhase section */
		59B5666F197D4F5F00470B87 /* Frameworks */ = {
			isa = PBXFrameworksBuildPhase;
			buildActionMask = 2147483647;
			files = (
				59B56678197D4F5F00470B87 /* CoreGraphics.framework in Frameworks */,
				59B5667A197D4F5F00470B87 /* UIKit.framework in Frameworks */,
				59B56676197D4F5F00470B87 /* Foundation.framework in Frameworks */,
			);
			runOnlyForDeploymentPostprocessing = 0;
		};
		59B5668A197D4F5F00470B87 /* Frameworks */ = {
			isa = PBXFrameworksBuildPhase;
			buildActionMask = 2147483647;
			files = (
				59B5668F197D4F5F00470B87 /* XCTest.framework in Frameworks */,
				59B56691197D4F5F00470B87 /* UIKit.framework in Frameworks */,
				59B56690197D4F5F00470B87 /* Foundation.framework in Frameworks */,
			);
			runOnlyForDeploymentPostprocessing = 0;
		};
/* End PBXFrameworksBuildPhase section */

/* Begin PBXGroup section */
		59B56669197D4F5F00470B87 = {
			isa = PBXGroup;
			children = (
				59B5667B197D4F5F00470B87 /* ToDoList */,
				59B56694197D4F5F00470B87 /* ToDoListTests */,
				59B56674197D4F5F00470B87 /* Frameworks */,
				59B56673197D4F5F00470B87 /* Products */,
			);
			sourceTree = "<group>";
		};
		59B56673197D4F5F00470B87 /* Products */ = {
			isa = PBXGroup;
			children = (
				59B56672197D4F5F00470B87 /* ToDoList.app */,
				59B5668D197D4F5F00470B87 /* ToDoListTests.xctest */,
			);
			name = Products;
			sourceTree = "<group>";
		};
		59B56674197D4F5F00470B87 /* Frameworks */ = {
			isa = PBXGroup;
			children = (
				59B56675197D4F5F00470B87 /* Foundation.framework */,
				59B56677197D4F5F00470B87 /* CoreGraphics.framework */,
				59B56679197D4F5F00470B87 /* UIKit.framework */,
				59B5668E197D4F5F00470B87 /* XCTest.framework */,
			);
			name = Frameworks;
			sourceTree = "<group>";
		};
		59B5667B197D4F5F00470B87 /* ToDoList */ = {
			isa = PBXGroup;
			children = (
				59B56684197D4F5F00470B87 /* AppDelegate.h */,
				59B56685197D4F5F00470B87 /* AppDelegate.m */,
				59B566A4197D509900470B87 /* Main.storyboard */,
				59A7CA26197F79AD006466B1 /* ToDoItem.h */,
				59A7CA27197F79AD006466B1 /* ToDoItem.m */,
				74EF4B7F197E327D00149900 /* ToDoListTableViewController.h */,
				74EF4B80197E327D00149900 /* ToDoListTableViewController.m */,
				74EF4B81197E327D00149900 /* ToDoListTableViewController.xib */,
				74EF4B7A197E30F900149900 /* AddToDoItemViewController.h */,
				74EF4B7B197E30F900149900 /* AddToDoItemViewController.m */,
				74EF4B7C197E30F900149900 /* AddToDoItemViewController.xib */,
				59B56687197D4F5F00470B87 /* Images.xcassets */,
				59B5667C197D4F5F00470B87 /* Supporting Files */,
			);
			path = ToDoList;
			sourceTree = "<group>";
		};
		59B5667C197D4F5F00470B87 /* Supporting Files */ = {
			isa = PBXGroup;
			children = (
				59B5667D197D4F5F00470B87 /* ToDoList-Info.plist */,
				59B5667E197D4F5F00470B87 /* InfoPlist.strings */,
				59B56681197D4F5F00470B87 /* main.m */,
				59B56683197D4F5F00470B87 /* ToDoList-Prefix.pch */,
			);
			name = "Supporting Files";
			sourceTree = "<group>";
		};
		59B56694197D4F5F00470B87 /* ToDoListTests */ = {
			isa = PBXGroup;
			children = (
				59B5669A197D4F5F00470B87 /* ToDoListTests.m */,
				59B56695197D4F5F00470B87 /* Supporting Files */,
			);
			path = ToDoListTests;
			sourceTree = "<group>";
		};
		59B56695197D4F5F00470B87 /* Supporting Files */ = {
			isa = PBXGroup;
			children = (
				59B56696197D4F5F00470B87 /* ToDoListTests-Info.plist */,
				59B56697197D4F5F00470B87 /* InfoPlist.strings */,
			);
			name = "Supporting Files";
			sourceTree = "<group>";
		};
/* End PBXGroup section */

/* Begin PBXNativeTarget section */
		59B56671197D4F5F00470B87 /* ToDoList */ = {
			isa = PBXNativeTarget;
			buildConfigurationList = 59B5669E197D4F5F00470B87 /* Build configuration list for PBXNativeTarget "ToDoList" */;
			buildPhases = (
				59B5666E197D4F5F00470B87 /* Sources */,
				59B5666F197D4F5F00470B87 /* Frameworks */,
				59B56670197D4F5F00470B87 /* Resources */,
			);
			buildRules = (
			);
			dependencies = (
			);
			name = ToDoList;
			productName = ToDoList;
			productReference = 59B56672197D4F5F00470B87 /* ToDoList.app */;
			productType = "com.apple.product-type.application";
		};
		59B5668C197D4F5F00470B87 /* ToDoListTests */ = {
			isa = PBXNativeTarget;
			buildConfigurationList = 59B566A1197D4F5F00470B87 /* Build configuration list for PBXNativeTarget "ToDoListTests" */;
			buildPhases = (
				59B56689197D4F5F00470B87 /* Sources */,
				59B5668A197D4F5F00470B87 /* Frameworks */,
				59B5668B197D4F5F00470B87 /* Resources */,
			);
			buildRules = (
			);
			dependencies = (
				59B56693197D4F5F00470B87 /* PBXTargetDependency */,
			);
			name = ToDoListTests;
			productName = ToDoListTests;
			productReference = 59B5668D197D4F5F00470B87 /* ToDoListTests.xctest */;
			productType = "com.apple.product-type.bundle.unit-test";
		};
/* End PBXNativeTarget section */

/* Begin PBXProject section */
		59B5666A197D4F5F00470B87 /* Project object */ = {
			isa = PBXProject;
			attributes = {
				LastUpgradeCheck = 0510;
				ORGANIZATIONNAME = "___FULLUSERNAME___";
				TargetAttributes = {
					59B5668C197D4F5F00470B87 = {
						TestTargetID = 59B56671197D4F5F00470B87;
					};
				};
			};
			buildConfigurationList = 59B5666D197D4F5F00470B87 /* Build configuration list for PBXProject "ToDoList" */;
			compatibilityVersion = "Xcode 3.2";
			developmentRegion = English;
			hasScannedForEncodings = 0;
			knownRegions = (
				en,
			);
			mainGroup = 59B56669197D4F5F00470B87;
			productRefGroup = 59B56673197D4F5F00470B87 /* Products */;
			projectDirPath = "";
			projectRoot = "";
			targets = (
				59B56671197D4F5F00470B87 /* ToDoList */,
				59B5668C197D4F5F00470B87 /* ToDoListTests */,
			);
		};
/* End PBXProject section */

/* Begin PBXResourcesBuildPhase section */
		59B56670197D4F5F00470B87 /* Resources */ = {
			isa = PBXResourcesBuildPhase;
			buildActionMask = 2147483647;
			files = (
				59B566A5197D509900470B87 /* Main.storyboard in Resources */,
				59B56680197D4F5F00470B87 /* InfoPlist.strings in Resources */,
				74EF4B83197E327D00149900 /* ToDoListTableViewController.xib in Resources */,
				59B56688197D4F5F00470B87 /* Images.xcassets in Resources */,
				74EF4B7E197E30F900149900 /* AddToDoItemViewController.xib in Resources */,
			);
			runOnlyForDeploymentPostprocessing = 0;
		};
		59B5668B197D4F5F00470B87 /* Resources */ = {
			isa = PBXResourcesBuildPhase;
			buildActionMask = 2147483647;
			files = (
				59B56699197D4F5F00470B87 /* InfoPlist.strings in Resources */,
			);
			runOnlyForDeploymentPostprocessing = 0;
		};
/* End PBXResourcesBuildPhase section */

/* Begin PBXSourcesBuildPhase section */
		59B5666E197D4F5F00470B87 /* Sources */ = {
			isa = PBXSourcesBuildPhase;
			buildActionMask = 2147483647;
			files = (
				59B56686197D4F5F00470B87 /* AppDelegate.m in Sources */,
				59A7CA28197F79AD006466B1 /* ToDoItem.m in Sources */,
				74EF4B82197E327D00149900 /* ToDoListTableViewController.m in Sources */,
				59B56682197D4F5F00470B87 /* main.m in Sources */,
				74EF4B7D197E30F900149900 /* AddToDoItemViewController.m in Sources */,
			);
			runOnlyForDeploymentPostprocessing = 0;
		};
		59B56689197D4F5F00470B87 /* Sources */ = {
			isa = PBXSourcesBuildPhase;
			buildActionMask = 2147483647;
			files = (
				59B5669B197D4F5F00470B87 /* ToDoListTests.m in Sources */,
			);
			runOnlyForDeploymentPostprocessing = 0;
		};
/* End PBXSourcesBuildPhase section */

/* Begin PBXTargetDependency section */
		59B56693197D4F5F00470B87 /* PBXTargetDependency */ = {
			isa = PBXTargetDependency;
			target = 59B56671197D4F5F00470B87 /* ToDoList */;
			targetProxy = 59B56692197D4F5F00470B87 /* PBXContainerItemProxy */;
		};
/* End PBXTargetDependency section */

/* Begin PBXVariantGroup section */
		59B5667E197D4F5F00470B87 /* InfoPlist.strings */ = {
			isa = PBXVariantGroup;
			children = (
				59B5667F197D4F5F00470B87 /* en */,
			);
			name = InfoPlist.strings;
			sourceTree = "<group>";
		};
		59B56697197D4F5F00470B87 /* InfoPlist.strings */ = {
			isa = PBXVariantGroup;
			children = (
				59B56698197D4F5F00470B87 /* en */,
			);
			name = InfoPlist.strings;
			sourceTree = "<group>";
		};
/* End PBXVariantGroup section */

/* Begin XCBuildConfiguration section */
		59B5669C197D4F5F00470B87 /* Debug */ = {
			isa = XCBuildConfiguration;
			buildSettings = {
				ALWAYS_SEARCH_USER_PATHS = NO;
				CLANG_CXX_LANGUAGE_STANDARD = "gnu++0x";
				CLANG_CXX_LIBRARY = "libc++";
				CLANG_ENABLE_MODULES = YES;
				CLANG_ENABLE_OBJC_ARC = YES;
				CLANG_WARN_BOOL_CONVERSION = YES;
				CLANG_WARN_CONSTANT_CONVERSION = YES;
				CLANG_WARN_DIRECT_OBJC_ISA_USAGE = YES_ERROR;
				CLANG_WARN_EMPTY_BODY = YES;
				CLANG_WARN_ENUM_CONVERSION = YES;
				CLANG_WARN_INT_CONVERSION = YES;
				CLANG_WARN_OBJC_ROOT_CLASS = YES_ERROR;
				CLANG_WARN__DUPLICATE_METHOD_MATCH = YES;
				"CODE_SIGN_IDENTITY[sdk=iphoneos*]" = "iPhone Developer";
				COPY_PHASE_STRIP = NO;
				GCC_C_LANGUAGE_STANDARD = gnu99;
				GCC_DYNAMIC_NO_PIC = NO;
				GCC_OPTIMIZATION_LEVEL = 0;
				GCC_PREPROCESSOR_DEFINITIONS = (
					"DEBUG=1",
					"$(inherited)",
				);
				GCC_SYMBOLS_PRIVATE_EXTERN = NO;
				GCC_WARN_64_TO_32_BIT_CONVERSION = YES;
				GCC_WARN_ABOUT_RETURN_TYPE = YES_ERROR;
				GCC_WARN_UNDECLARED_SELECTOR = YES;
				GCC_WARN_UNINITIALIZED_AUTOS = YES_AGGRESSIVE;
				GCC_WARN_UNUSED_FUNCTION = YES;
				GCC_WARN_UNUSED_VARIABLE = YES;
				IPHONEOS_DEPLOYMENT_TARGET = 7.1;
				ONLY_ACTIVE_ARCH = YES;
				SDKROOT = iphoneos;
			};
			name = Debug;
		};
		59B5669D197D4F5F00470B87 /* Release */ = {
			isa = XCBuildConfiguration;
			buildSettings = {
				ALWAYS_SEARCH_USER_PATHS = NO;
				CLANG_CXX_LANGUAGE_STANDARD = "gnu++0x";
				CLANG_CXX_LIBRARY = "libc++";
				CLANG_ENABLE_MODULES = YES;
				CLANG_ENABLE_OBJC_ARC = YES;
				CLANG_WARN_BOOL_CONVERSION = YES;
				CLANG_WARN_CONSTANT_CONVERSION = YES;
				CLANG_WARN_DIRECT_OBJC_ISA_USAGE = YES_ERROR;
				CLANG_WARN_EMPTY_BODY = YES;
				CLANG_WARN_ENUM_CONVERSION = YES;
				CLANG_WARN_INT_CONVERSION = YES;
				CLANG_WARN_OBJC_ROOT_CLASS = YES_ERROR;
				CLANG_WARN__DUPLICATE_METHOD_MATCH = YES;
				"CODE_SIGN_IDENTITY[sdk=iphoneos*]" = "iPhone Developer";
				COPY_PHASE_STRIP = YES;
				ENABLE_NS_ASSERTIONS = NO;
				GCC_C_LANGUAGE_STANDARD = gnu99;
				GCC_WARN_64_TO_32_BIT_CONVERSION = YES;
				GCC_WARN_ABOUT_RETURN_TYPE = YES_ERROR;
				GCC_WARN_UNDECLARED_SELECTOR = YES;
				GCC_WARN_UNINITIALIZED_AUTOS = YES_AGGRESSIVE;
				GCC_WARN_UNUSED_FUNCTION = YES;
				GCC_WARN_UNUSED_VARIABLE = YES;
				IPHONEOS_DEPLOYMENT_TARGET = 7.1;
				SDKROOT = iphoneos;
				VALIDATE_PRODUCT = YES;
			};
			name = Release;
		};
		59B5669F197D4F5F00470B87 /* Debug */ = {
			isa = XCBuildConfiguration;
			buildSettings = {
				ASSETCATALOG_COMPILER_APPICON_NAME = AppIcon;
				ASSETCATALOG_COMPILER_LAUNCHIMAGE_NAME = LaunchImage;
				GCC_PRECOMPILE_PREFIX_HEADER = YES;
				GCC_PREFIX_HEADER = "ToDoList/ToDoList-Prefix.pch";
				INFOPLIST_FILE = "ToDoList/ToDoList-Info.plist";
				PRODUCT_NAME = "$(TARGET_NAME)";
				WRAPPER_EXTENSION = app;
			};
			name = Debug;
		};
		59B566A0197D4F5F00470B87 /* Release */ = {
			isa = XCBuildConfiguration;
			buildSettings = {
				ASSETCATALOG_COMPILER_APPICON_NAME = AppIcon;
				ASSETCATALOG_COMPILER_LAUNCHIMAGE_NAME = LaunchImage;
				GCC_PRECOMPILE_PREFIX_HEADER = YES;
				GCC_PREFIX_HEADER = "ToDoList/ToDoList-Prefix.pch";
				INFOPLIST_FILE = "ToDoList/ToDoList-Info.plist";
				PRODUCT_NAME = "$(TARGET_NAME)";
				WRAPPER_EXTENSION = app;
			};
			name = Release;
		};
		59B566A2197D4F5F00470B87 /* Debug */ = {
			isa = XCBuildConfiguration;
			buildSettings = {
				BUNDLE_LOADER = "$(BUILT_PRODUCTS_DIR)/ToDoList.app/ToDoList";
				FRAMEWORK_SEARCH_PATHS = (
					"$(SDKROOT)/Developer/Library/Frameworks",
					"$(inherited)",
					"$(DEVELOPER_FRAMEWORKS_DIR)",
				);
				GCC_PRECOMPILE_PREFIX_HEADER = YES;
				GCC_PREFIX_HEADER = "ToDoList/ToDoList-Prefix.pch";
				GCC_PREPROCESSOR_DEFINITIONS = (
					"DEBUG=1",
					"$(inherited)",
				);
				INFOPLIST_FILE = "ToDoListTests/ToDoListTests-Info.plist";
				PRODUCT_NAME = "$(TARGET_NAME)";
				TEST_HOST = "$(BUNDLE_LOADER)";
				WRAPPER_EXTENSION = xctest;
			};
			name = Debug;
		};
		59B566A3197D4F5F00470B87 /* Release */ = {
			isa = XCBuildConfiguration;
			buildSettings = {
				BUNDLE_LOADER = "$(BUILT_PRODUCTS_DIR)/ToDoList.app/ToDoList";
				FRAMEWORK_SEARCH_PATHS = (
					"$(SDKROOT)/Developer/Library/Frameworks",
					"$(inherited)",
					"$(DEVELOPER_FRAMEWORKS_DIR)",
				);
				GCC_PRECOMPILE_PREFIX_HEADER = YES;
				GCC_PREFIX_HEADER = "ToDoList/ToDoList-Prefix.pch";
				INFOPLIST_FILE = "ToDoListTests/ToDoListTests-Info.plist";
				PRODUCT_NAME = "$(TARGET_NAME)";
				TEST_HOST = "$(BUNDLE_LOADER)";
				WRAPPER_EXTENSION = xctest;
			};
			name = Release;
		};
/* End XCBuildConfiguration section */

/* Begin XCConfigurationList section */
		59B5666D197D4F5F00470B87 /* Build configuration list for PBXProject "ToDoList" */ = {
			isa = XCConfigurationList;
			buildConfigurations = (
				59B5669C197D4F5F00470B87 /* Debug */,
				59B5669D197D4F5F00470B87 /* Release */,
			);
			defaultConfigurationIsVisible = 0;
			defaultConfigurationName = Release;
		};
		59B5669E197D4F5F00470B87 /* Build configuration list for PBXNativeTarget "ToDoList" */ = {
			isa = XCConfigurationList;
			buildConfigurations = (
				59B5669F197D4F5F00470B87 /* Debug */,
				59B566A0197D4F5F00470B87 /* Release */,
			);
			defaultConfigurationIsVisible = 0;
			defaultConfigurationName = Release;
		};
		59B566A1197D4F5F00470B87 /* Build configuration list for PBXNativeTarget "ToDoListTests" */ = {
			isa = XCConfigurationList;
			buildConfigurations = (
				59B566A2197D4F5F00470B87 /* Debug */,
				59B566A3197D4F5F00470B87 /* Release */,
			);
			defaultConfigurationIsVisible = 0;
			defaultConfigurationName = Release;
		};
/* End XCConfigurationList section */
	};
	rootObject = 59B5666A197D4F5F00470B87 /* Project object */;
}
